
Microsoft Visual Studio Solution File, Format Version 12.00
# Visual Studio 15
Project("{FAE04EC0-301F-11D3-BF4B-00C04F79EFBC}") = "BigCatsGraficasFinale", "Assembly-CSharp.csproj", "{19403125-7CC8-A84D-4231-155BD5BC8063}"
EndProject
Project("{FAE04EC0-301F-11D3-BF4B-00C04F79EFBC}") = "BigCatsGraficasFinale", "Assembly-CSharp-Editor.csproj", "{66CD3C46-497D-C5C2-4EC0-D1ED12B18837}"
EndProject
Global
	GlobalSection(SolutionConfigurationPlatforms) = preSolution
		Debug|Any CPU = Debug|Any CPU
		Release|Any CPU = Release|Any CPU
	EndGlobalSection
	GlobalSection(ProjectConfigurationPlatforms) = postSolution
		{19403125-7CC8-A84D-4231-155BD5BC8063}.Debug|Any CPU.ActiveCfg = Debug|Any CPU
		{19403125-7CC8-A84D-4231-155BD5BC8063}.Debug|Any CPU.Build.0 = Debug|Any CPU
		{19403125-7CC8-A84D-4231-155BD5BC8063}.Release|Any CPU.ActiveCfg = Release|Any CPU
		{19403125-7CC8-A84D-4231-155BD5BC8063}.Release|Any CPU.Build.0 = Release|Any CPU
		{66CD3C46-497D-C5C2-4EC0-D1ED12B18837}.Debug|Any CPU.ActiveCfg = Debug|Any CPU
		{66CD3C46-497D-C5C2-4EC0-D1ED12B18837}.Debug|Any CPU.Build.0 = Debug|Any CPU
		{66CD3C46-497D-C5C2-4EC0-D1ED12B18837}.Release|Any CPU.ActiveCfg = Release|Any CPU
		{66CD3C46-497D-C5C2-4EC0-D1ED12B18837}.Release|Any CPU.Build.0 = Release|Any CPU
	EndGlobalSection
	GlobalSection(SolutionProperties) = preSolution
		HideSolutionNode = FALSE
	EndGlobalSection
EndGlobal
